
Microsoft Visual Studio Solution File, Format Version 12.00
# Visual Studio Version 17
VisualStudioVersion = 17.10.35013.160
MinimumVisualStudioVersion = 10.0.40219.1
Project("{9A19103F-16F7-4668-BE54-9A1E7A4F7556}") = "AzureTasks.UI", "AzureTasks.UI\AzureTasks.UI.csproj", "{60301E28-1818-4AE2-BF3A-00020D1DE76D}"
EndProject
Project("{2150E333-8FDC-42A3-9474-1A3956D46DE8}") = "root", "root", "{0BB7E34F-0E6C-4CE6-A8F8-8203FC08AA57}"
	ProjectSection(SolutionItems) = preProject
		index.html = index.html
	EndProjectSection
EndProject
Project("{FAE04EC0-301F-11D3-BF4B-00C04F79EFBC}") = "Mayansoft.AzureConnect.Services", "Mayansoft.AzureConnect.Services\Mayansoft.AzureConnect.Services.csproj", "{56DC697B-A4F5-4F01-8E89-8C55DCCB5793}"
EndProject
Project("{FAE04EC0-301F-11D3-BF4B-00C04F79EFBC}") = "Mayansoft.AzureConnect.Models", "Mayansoft.AzureConnect.Models\Mayansoft.AzureConnect.Models.csproj", "{EB001BA3-998B-4466-A64F-0E5456B17FFA}"
EndProject
Project("{FAE04EC0-301F-11D3-BF4B-00C04F79EFBC}") = "Mayansoft.AzureConnect.UI", "Mayansoft.AzureConnect.UI\Mayansoft.AzureConnect.UI.csproj", "{C89471BC-A64C-4B76-B16F-9F1A44515DA6}"
EndProject
Project("{54435603-DBB4-11D2-8724-00A0C9A8B90C}") = "AzureTasksSetup", "AzureTasksSetup\AzureTasksSetup.vdproj", "{6255BA90-D010-4B9A-B434-31545C0FA0B5}"
EndProject
Project("{FAE04EC0-301F-11D3-BF4B-00C04F79EFBC}") = "Mayansoft.Controls.LoadingSpinnerControl", "Mayansoft.Controls.LoadingSpinnerControl\Mayansoft.Controls.LoadingSpinnerControl.csproj", "{431B06A4-7465-45DD-AAB6-32A6686EE8F7}"
EndProject
Global
	GlobalSection(SolutionConfigurationPlatforms) = preSolution
		Debug|Any CPU = Debug|Any CPU
		Debug|x86 = Debug|x86
		Release|Any CPU = Release|Any CPU
		Release|x86 = Release|x86
	EndGlobalSection
	GlobalSection(ProjectConfigurationPlatforms) = postSolution
		{60301E28-1818-4AE2-BF3A-00020D1DE76D}.Debug|Any CPU.ActiveCfg = Debug|Any CPU
		{60301E28-1818-4AE2-BF3A-00020D1DE76D}.Debug|Any CPU.Build.0 = Debug|Any CPU
		{60301E28-1818-4AE2-BF3A-00020D1DE76D}.Debug|x86.ActiveCfg = Debug|Any CPU
		{60301E28-1818-4AE2-BF3A-00020D1DE76D}.Debug|x86.Build.0 = Debug|Any CPU
		{60301E28-1818-4AE2-BF3A-00020D1DE76D}.Release|Any CPU.ActiveCfg = Release|Any CPU
		{60301E28-1818-4AE2-BF3A-00020D1DE76D}.Release|Any CPU.Build.0 = Release|Any CPU
		{60301E28-1818-4AE2-BF3A-00020D1DE76D}.Release|x86.ActiveCfg = Release|Any CPU
		{60301E28-1818-4AE2-BF3A-00020D1DE76D}.Release|x86.Build.0 = Release|Any CPU
		{56DC697B-A4F5-4F01-8E89-8C55DCCB5793}.Debug|Any CPU.ActiveCfg = Debug|Any CPU
		{56DC697B-A4F5-4F01-8E89-8C55DCCB5793}.Debug|Any CPU.Build.0 = Debug|Any CPU
		{56DC697B-A4F5-4F01-8E89-8C55DCCB5793}.Debug|x86.ActiveCfg = Debug|Any CPU
		{56DC697B-A4F5-4F01-8E89-8C55DCCB5793}.Debug|x86.Build.0 = Debug|Any CPU
		{56DC697B-A4F5-4F01-8E89-8C55DCCB5793}.Release|Any CPU.ActiveCfg = Release|Any CPU
		{56DC697B-A4F5-4F01-8E89-8C55DCCB5793}.Release|Any CPU.Build.0 = Release|Any CPU
		{56DC697B-A4F5-4F01-8E89-8C55DCCB5793}.Release|x86.ActiveCfg = Release|Any CPU
		{56DC697B-A4F5-4F01-8E89-8C55DCCB5793}.Release|x86.Build.0 = Release|Any CPU
		{EB001BA3-998B-4466-A64F-0E5456B17FFA}.Debug|Any CPU.ActiveCfg = Debug|Any CPU
		{EB001BA3-998B-4466-A64F-0E5456B17FFA}.Debug|Any CPU.Build.0 = Debug|Any CPU
		{EB001BA3-998B-4466-A64F-0E5456B17FFA}.Debug|x86.ActiveCfg = Debug|Any CPU
		{EB001BA3-998B-4466-A64F-0E5456B17FFA}.Debug|x86.Build.0 = Debug|Any CPU
		{EB001BA3-998B-4466-A64F-0E5456B17FFA}.Release|Any CPU.ActiveCfg = Release|Any CPU
		{EB001BA3-998B-4466-A64F-0E5456B17FFA}.Release|Any CPU.Build.0 = Release|Any CPU
		{EB001BA3-998B-4466-A64F-0E5456B17FFA}.Release|x86.ActiveCfg = Release|Any CPU
		{EB001BA3-998B-4466-A64F-0E5456B17FFA}.Release|x86.Build.0 = Release|Any CPU
		{C89471BC-A64C-4B76-B16F-9F1A44515DA6}.Debug|Any CPU.ActiveCfg = Debug|Any CPU
		{C89471BC-A64C-4B76-B16F-9F1A44515DA6}.Debug|Any CPU.Build.0 = Debug|Any CPU
		{C89471BC-A64C-4B76-B16F-9F1A44515DA6}.Debug|x86.ActiveCfg = Debug|Any CPU
		{C89471BC-A64C-4B76-B16F-9F1A44515DA6}.Debug|x86.Build.0 = Debug|Any CPU
		{C89471BC-A64C-4B76-B16F-9F1A44515DA6}.Release|Any CPU.ActiveCfg = Release|Any CPU
		{C89471BC-A64C-4B76-B16F-9F1A44515DA6}.Release|Any CPU.Build.0 = Release|Any CPU
		{C89471BC-A64C-4B76-B16F-9F1A44515DA6}.Release|x86.ActiveCfg = Release|Any CPU
		{C89471BC-A64C-4B76-B16F-9F1A44515DA6}.Release|x86.Build.0 = Release|Any CPU
		{6255BA90-D010-4B9A-B434-31545C0FA0B5}.Debug|Any CPU.ActiveCfg = Debug
		{6255BA90-D010-4B9A-B434-31545C0FA0B5}.Debug|x86.ActiveCfg = Debug
		{6255BA90-D010-4B9A-B434-31545C0FA0B5}.Release|Any CPU.ActiveCfg = Release
		{6255BA90-D010-4B9A-B434-31545C0FA0B5}.Release|x86.ActiveCfg = Release
		{431B06A4-7465-45DD-AAB6-32A6686EE8F7}.Debug|Any CPU.ActiveCfg = Debug|Any CPU
		{431B06A4-7465-45DD-AAB6-32A6686EE8F7}.Debug|Any CPU.Build.0 = Debug|Any CPU
		{431B06A4-7465-45DD-AAB6-32A6686EE8F7}.Debug|x86.ActiveCfg = Debug|Any CPU
		{431B06A4-7465-45DD-AAB6-32A6686EE8F7}.Debug|x86.Build.0 = Debug|Any CPU
		{431B06A4-7465-45DD-AAB6-32A6686EE8F7}.Release|Any CPU.ActiveCfg = Release|Any CPU
		{431B06A4-7465-45DD-AAB6-32A6686EE8F7}.Release|Any CPU.Build.0 = Release|Any CPU
		{431B06A4-7465-45DD-AAB6-32A6686EE8F7}.Release|x86.ActiveCfg = Release|Any CPU
		{431B06A4-7465-45DD-AAB6-32A6686EE8F7}.Release|x86.Build.0 = Release|Any CPU
	EndGlobalSection
	GlobalSection(SolutionProperties) = preSolution
		HideSolutionNode = FALSE
	EndGlobalSection
	GlobalSection(ExtensibilityGlobals) = postSolution
		SolutionGuid = {C6614FA8-D684-482E-8AB9-E877915F2E97}
	EndGlobalSection
EndGlobal
